// !$*UTF8*$!
{
	archiveVersion = 1;
	classes = {
	};
	objectVersion = 56;
	objects = {

/* Begin PBXBuildFile section */
		E20B87752A9DCF8E006E3F24 /* CategoryCollectionViewCell.swift in Sources */ = {isa = PBXBuildFile; fileRef = E20B87732A9DCF8E006E3F24 /* CategoryCollectionViewCell.swift */; };
		E20B87762A9DCF8F006E3F24 /* CategoryCollectionViewCell.xib in Resources */ = {isa = PBXBuildFile; fileRef = E20B87742A9DCF8E006E3F24 /* CategoryCollectionViewCell.xib */; };
		E20B87782A9DD44F006E3F24 /* Place.swift in Sources */ = {isa = PBXBuildFile; fileRef = E20B87772A9DD44F006E3F24 /* Place.swift */; };
		E20B877A2A9DD47B006E3F24 /* Luggage.swift in Sources */ = {isa = PBXBuildFile; fileRef = E20B87792A9DD47B006E3F24 /* Luggage.swift */; };
		E20B87802A9DE114006E3F24 /* PlaceCollectionView.swift in Sources */ = {isa = PBXBuildFile; fileRef = E20B877F2A9DE114006E3F24 /* PlaceCollectionView.swift */; };
		E25BCB512A9F581700E8EF76 /* DetailViewController.swift in Sources */ = {isa = PBXBuildFile; fileRef = E25BCB502A9F581700E8EF76 /* DetailViewController.swift */; };
		E25BCB552A9F6C6200E8EF76 /* DataManager.swift in Sources */ = {isa = PBXBuildFile; fileRef = E25BCB542A9F6C6200E8EF76 /* DataManager.swift */; };
		E27F9F8C2A9FA95700C48C28 /* Item.swift in Sources */ = {isa = PBXBuildFile; fileRef = E27F9F8B2A9FA95700C48C28 /* Item.swift */; };
		E2BC7E0D2A9A075A00D54B82 /* AppDelegate.swift in Sources */ = {isa = PBXBuildFile; fileRef = E2BC7E0C2A9A075A00D54B82 /* AppDelegate.swift */; };
		E2BC7E0F2A9A075A00D54B82 /* SceneDelegate.swift in Sources */ = {isa = PBXBuildFile; fileRef = E2BC7E0E2A9A075A00D54B82 /* SceneDelegate.swift */; };
		E2BC7E172A9A075A00D54B82 /* Packing.xcdatamodeld in Sources */ = {isa = PBXBuildFile; fileRef = E2BC7E152A9A075A00D54B82 /* Packing.xcdatamodeld */; };
		E2BC7E192A9A075B00D54B82 /* Assets.xcassets in Resources */ = {isa = PBXBuildFile; fileRef = E2BC7E182A9A075B00D54B82 /* Assets.xcassets */; };
		E2BC7E1C2A9A075B00D54B82 /* LaunchScreen.storyboard in Resources */ = {isa = PBXBuildFile; fileRef = E2BC7E1A2A9A075B00D54B82 /* LaunchScreen.storyboard */; };
		E2BC7E272A9A0DAA00D54B82 /* MainViewController.swift in Sources */ = {isa = PBXBuildFile; fileRef = E2BC7E262A9A0DAA00D54B82 /* MainViewController.swift */; };
/* End PBXBuildFile section */

/* Begin PBXFileReference section */
		E20B87732A9DCF8E006E3F24 /* CategoryCollectionViewCell.swift */ = {isa = PBXFileReference; lastKnownFileType = sourcecode.swift; path = CategoryCollectionViewCell.swift; sourceTree = "<group>"; };
		E20B87742A9DCF8E006E3F24 /* CategoryCollectionViewCell.xib */ = {isa = PBXFileReference; lastKnownFileType = file.xib; path = CategoryCollectionViewCell.xib; sourceTree = "<group>"; };
		E20B87772A9DD44F006E3F24 /* Place.swift */ = {isa = PBXFileReference; lastKnownFileType = sourcecode.swift; path = Place.swift; sourceTree = "<group>"; };
		E20B87792A9DD47B006E3F24 /* Luggage.swift */ = {isa = PBXFileReference; lastKnownFileType = sourcecode.swift; path = Luggage.swift; sourceTree = "<group>"; };
		E20B877F2A9DE114006E3F24 /* PlaceCollectionView.swift */ = {isa = PBXFileReference; lastKnownFileType = sourcecode.swift; path = PlaceCollectionView.swift; sourceTree = "<group>"; };
		E25BCB502A9F581700E8EF76 /* DetailViewController.swift */ = {isa = PBXFileReference; lastKnownFileType = sourcecode.swift; path = DetailViewController.swift; sourceTree = "<group>"; };
		E25BCB542A9F6C6200E8EF76 /* DataManager.swift */ = {isa = PBXFileReference; lastKnownFileType = sourcecode.swift; path = DataManager.swift; sourceTree = "<group>"; };
		E27F9F8B2A9FA95700C48C28 /* Item.swift */ = {isa = PBXFileReference; lastKnownFileType = sourcecode.swift; path = Item.swift; sourceTree = "<group>"; };
		E2BC7E092A9A075A00D54B82 /* Packing.app */ = {isa = PBXFileReference; explicitFileType = wrapper.application; includeInIndex = 0; path = Packing.app; sourceTree = BUILT_PRODUCTS_DIR; };
		E2BC7E0C2A9A075A00D54B82 /* AppDelegate.swift */ = {isa = PBXFileReference; lastKnownFileType = sourcecode.swift; path = AppDelegate.swift; sourceTree = "<group>"; };
		E2BC7E0E2A9A075A00D54B82 /* SceneDelegate.swift */ = {isa = PBXFileReference; lastKnownFileType = sourcecode.swift; path = SceneDelegate.swift; sourceTree = "<group>"; };
		E2BC7E162A9A075A00D54B82 /* Packing.xcdatamodel */ = {isa = PBXFileReference; lastKnownFileType = wrapper.xcdatamodel; path = Packing.xcdatamodel; sourceTree = "<group>"; };
		E2BC7E182A9A075B00D54B82 /* Assets.xcassets */ = {isa = PBXFileReference; lastKnownFileType = folder.assetcatalog; path = Assets.xcassets; sourceTree = "<group>"; };
		E2BC7E1B2A9A075B00D54B82 /* Base */ = {isa = PBXFileReference; lastKnownFileType = file.storyboard; name = Base; path = Base.lproj/LaunchScreen.storyboard; sourceTree = "<group>"; };
		E2BC7E1D2A9A075B00D54B82 /* Info.plist */ = {isa = PBXFileReference; lastKnownFileType = text.plist.xml; path = Info.plist; sourceTree = "<group>"; };
		E2BC7E262A9A0DAA00D54B82 /* MainViewController.swift */ = {isa = PBXFileReference; lastKnownFileType = sourcecode.swift; path = MainViewController.swift; sourceTree = "<group>"; };
/* End PBXFileReference section */

/* Begin PBXFrameworksBuildPhase section */
		E2BC7E062A9A075A00D54B82 /* Frameworks */ = {
			isa = PBXFrameworksBuildPhase;
			buildActionMask = 2147483647;
			files = (
			);
			runOnlyForDeploymentPostprocessing = 0;
		};
/* End PBXFrameworksBuildPhase section */

/* Begin PBXGroup section */
		E20B87702A9CB703006E3F24 /* Model */ = {
			isa = PBXGroup;
			children = (
			);
			path = Model;
			sourceTree = "<group>";
		};
		E20B877B2A9DD4DC006E3F24 /* ViewController */ = {
			isa = PBXGroup;
			children = (
				E2BC7E262A9A0DAA00D54B82 /* MainViewController.swift */,
			);
			path = ViewController;
			sourceTree = "<group>";
		};
		E20B877C2A9DD4ED006E3F24 /* View */ = {
			isa = PBXGroup;
			children = (
				E20B877E2A9DD527006E3F24 /* Cell */,
				E20B877F2A9DE114006E3F24 /* PlaceCollectionView.swift */,
			);
			path = View;
			sourceTree = "<group>";
		};
		E20B877D2A9DD4F8006E3F24 /* Model */ = {
			isa = PBXGroup;
			children = (
				E20B87772A9DD44F006E3F24 /* Place.swift */,
				E20B87792A9DD47B006E3F24 /* Luggage.swift */,
				E27F9F8B2A9FA95700C48C28 /* Item.swift */,
				E25BCB542A9F6C6200E8EF76 /* DataManager.swift */,
			);
			path = Model;
			sourceTree = "<group>";
		};
		E20B877E2A9DD527006E3F24 /* Cell */ = {
			isa = PBXGroup;
			children = (
				E20B87732A9DCF8E006E3F24 /* CategoryCollectionViewCell.swift */,
				E20B87742A9DCF8E006E3F24 /* CategoryCollectionViewCell.xib */,
			);
			path = Cell;
			sourceTree = "<group>";
		};
		E25BCB4F2A9F57F600E8EF76 /* Detail */ = {
			isa = PBXGroup;
			children = (
				E25BCB532A9F583900E8EF76 /* ViewController */,
				E25BCB522A9F583000E8EF76 /* View */,
				E20B87702A9CB703006E3F24 /* Model */,
			);
			path = Detail;
			sourceTree = "<group>";
		};
		E25BCB522A9F583000E8EF76 /* View */ = {
			isa = PBXGroup;
			children = (
			);
			path = View;
			sourceTree = "<group>";
		};
		E25BCB532A9F583900E8EF76 /* ViewController */ = {
			isa = PBXGroup;
			children = (
				E25BCB502A9F581700E8EF76 /* DetailViewController.swift */,
			);
			path = ViewController;
			sourceTree = "<group>";
		};
		E2BC7E002A9A075900D54B82 = {
			isa = PBXGroup;
			children = (
				E2BC7E0B2A9A075A00D54B82 /* Packing */,
				E2BC7E0A2A9A075A00D54B82 /* Products */,
			);
			sourceTree = "<group>";
		};
		E2BC7E0A2A9A075A00D54B82 /* Products */ = {
			isa = PBXGroup;
			children = (
				E2BC7E092A9A075A00D54B82 /* Packing.app */,
			);
			name = Products;
			sourceTree = "<group>";
		};
		E2BC7E0B2A9A075A00D54B82 /* Packing */ = {
			isa = PBXGroup;
			children = (
				E2BC7E242A9A0C5100D54B82 /* Screen */,
				E2BC7E232A9A0C3D00D54B82 /* Resource */,
			);
			path = Packing;
			sourceTree = "<group>";
		};
		E2BC7E232A9A0C3D00D54B82 /* Resource */ = {
			isa = PBXGroup;
			children = (
				E2BC7E0C2A9A075A00D54B82 /* AppDelegate.swift */,
				E2BC7E0E2A9A075A00D54B82 /* SceneDelegate.swift */,
				E2BC7E182A9A075B00D54B82 /* Assets.xcassets */,
				E2BC7E1D2A9A075B00D54B82 /* Info.plist */,
				E2BC7E1A2A9A075B00D54B82 /* LaunchScreen.storyboard */,
			);
			path = Resource;
			sourceTree = "<group>";
		};
		E2BC7E242A9A0C5100D54B82 /* Screen */ = {
			isa = PBXGroup;
			children = (
				E2BC7E152A9A075A00D54B82 /* Packing.xcdatamodeld */,
				E20B877D2A9DD4F8006E3F24 /* Model */,
				E25BCB4F2A9F57F600E8EF76 /* Detail */,
				E2BC7E252A9A0D7400D54B82 /* Main */,
			);
			path = Screen;
			sourceTree = "<group>";
		};
		E2BC7E252A9A0D7400D54B82 /* Main */ = {
			isa = PBXGroup;
			children = (
				E20B877C2A9DD4ED006E3F24 /* View */,
				E20B877B2A9DD4DC006E3F24 /* ViewController */,
			);
			path = Main;
			sourceTree = "<group>";
		};
/* End PBXGroup section */

/* Begin PBXNativeTarget section */
		E2BC7E082A9A075A00D54B82 /* Packing */ = {
			isa = PBXNativeTarget;
			buildConfigurationList = E2BC7E202A9A075B00D54B82 /* Build configuration list for PBXNativeTarget "Packing" */;
			buildPhases = (
				E2BC7E052A9A075A00D54B82 /* Sources */,
				E2BC7E062A9A075A00D54B82 /* Frameworks */,
				E2BC7E072A9A075A00D54B82 /* Resources */,
			);
			buildRules = (
			);
			dependencies = (
			);
			name = Packing;
			productName = Packing;
			productReference = E2BC7E092A9A075A00D54B82 /* Packing.app */;
			productType = "com.apple.product-type.application";
		};
/* End PBXNativeTarget section */

/* Begin PBXProject section */
		E2BC7E012A9A075900D54B82 /* Project object */ = {
			isa = PBXProject;
			attributes = {
				BuildIndependentTargetsInParallel = 1;
				LastSwiftUpdateCheck = 1430;
				LastUpgradeCheck = 1430;
				TargetAttributes = {
					E2BC7E082A9A075A00D54B82 = {
						CreatedOnToolsVersion = 14.3;
					};
				};
			};
			buildConfigurationList = E2BC7E042A9A075A00D54B82 /* Build configuration list for PBXProject "Packing" */;
			compatibilityVersion = "Xcode 14.0";
			developmentRegion = en;
			hasScannedForEncodings = 0;
			knownRegions = (
				en,
				Base,
			);
			mainGroup = E2BC7E002A9A075900D54B82;
			productRefGroup = E2BC7E0A2A9A075A00D54B82 /* Products */;
			projectDirPath = "";
			projectRoot = "";
			targets = (
				E2BC7E082A9A075A00D54B82 /* Packing */,
			);
		};
/* End PBXProject section */

/* Begin PBXResourcesBuildPhase section */
		E2BC7E072A9A075A00D54B82 /* Resources */ = {
			isa = PBXResourcesBuildPhase;
			buildActionMask = 2147483647;
			files = (
				E20B87762A9DCF8F006E3F24 /* CategoryCollectionViewCell.xib in Resources */,
				E2BC7E1C2A9A075B00D54B82 /* LaunchScreen.storyboard in Resources */,
				E2BC7E192A9A075B00D54B82 /* Assets.xcassets in Resources */,
			);
			runOnlyForDeploymentPostprocessing = 0;
		};
/* End PBXResourcesBuildPhase section */

/* Begin PBXSourcesBuildPhase section */
		E2BC7E052A9A075A00D54B82 /* Sources */ = {
			isa = PBXSourcesBuildPhase;
			buildActionMask = 2147483647;
			files = (
				E25BCB512A9F581700E8EF76 /* DetailViewController.swift in Sources */,
				E25BCB552A9F6C6200E8EF76 /* DataManager.swift in Sources */,
				E20B877A2A9DD47B006E3F24 /* Luggage.swift in Sources */,
				E2BC7E172A9A075A00D54B82 /* Packing.xcdatamodeld in Sources */,
				E2BC7E0D2A9A075A00D54B82 /* AppDelegate.swift in Sources */,
				E2BC7E0F2A9A075A00D54B82 /* SceneDelegate.swift in Sources */,
				E27F9F8C2A9FA95700C48C28 /* Item.swift in Sources */,
				E20B87802A9DE114006E3F24 /* PlaceCollectionView.swift in Sources */,
				E20B87752A9DCF8E006E3F24 /* CategoryCollectionViewCell.swift in Sources */,
				E2BC7E272A9A0DAA00D54B82 /* MainViewController.swift in Sources */,
				E20B87782A9DD44F006E3F24 /* Place.swift in Sources */,
			);
			runOnlyForDeploymentPostprocessing = 0;
		};
/* End PBXSourcesBuildPhase section */

/* Begin PBXVariantGroup section */
		E2BC7E1A2A9A075B00D54B82 /* LaunchScreen.storyboard */ = {
			isa = PBXVariantGroup;
			children = (
				E2BC7E1B2A9A075B00D54B82 /* Base */,
			);
			name = LaunchScreen.storyboard;
			sourceTree = "<group>";
		};
/* End PBXVariantGroup section */

/* Begin XCBuildConfiguration section */
		E2BC7E1E2A9A075B00D54B82 /* Debug */ = {
			isa = XCBuildConfiguration;
			buildSettings = {
				ALWAYS_SEARCH_USER_PATHS = NO;
				CLANG_ANALYZER_NONNULL = YES;
				CLANG_ANALYZER_NUMBER_OBJECT_CONVERSION = YES_AGGRESSIVE;
				CLANG_CXX_LANGUAGE_STANDARD = "gnu++20";
				CLANG_ENABLE_MODULES = YES;
				CLANG_ENABLE_OBJC_ARC = YES;
				CLANG_ENABLE_OBJC_WEAK = YES;
				CLANG_WARN_BLOCK_CAPTURE_AUTORELEASING = YES;
				CLANG_WARN_BOOL_CONVERSION = YES;
				CLANG_WARN_COMMA = YES;
				CLANG_WARN_CONSTANT_CONVERSION = YES;
				CLANG_WARN_DEPRECATED_OBJC_IMPLEMENTATIONS = YES;
				CLANG_WARN_DIRECT_OBJC_ISA_USAGE = YES_ERROR;
				CLANG_WARN_DOCUMENTATION_COMMENTS = YES;
				CLANG_WARN_EMPTY_BODY = YES;
				CLANG_WARN_ENUM_CONVERSION = YES;
				CLANG_WARN_INFINITE_RECURSION = YES;
				CLANG_WARN_INT_CONVERSION = YES;
				CLANG_WARN_NON_LITERAL_NULL_CONVERSION = YES;
				CLANG_WARN_OBJC_IMPLICIT_RETAIN_SELF = YES;
				CLANG_WARN_OBJC_LITERAL_CONVERSION = YES;
				CLANG_WARN_OBJC_ROOT_CLASS = YES_ERROR;
				CLANG_WARN_QUOTED_INCLUDE_IN_FRAMEWORK_HEADER = YES;
				CLANG_WARN_RANGE_LOOP_ANALYSIS = YES;
				CLANG_WARN_STRICT_PROTOTYPES = YES;
				CLANG_WARN_SUSPICIOUS_MOVE = YES;
				CLANG_WARN_UNGUARDED_AVAILABILITY = YES_AGGRESSIVE;
				CLANG_WARN_UNREACHABLE_CODE = YES;
				CLANG_WARN__DUPLICATE_METHOD_MATCH = YES;
				COPY_PHASE_STRIP = NO;
				DEBUG_INFORMATION_FORMAT = dwarf;
				ENABLE_STRICT_OBJC_MSGSEND = YES;
				ENABLE_TESTABILITY = YES;
				GCC_C_LANGUAGE_STANDARD = gnu11;
				GCC_DYNAMIC_NO_PIC = NO;
				GCC_NO_COMMON_BLOCKS = YES;
				GCC_OPTIMIZATION_LEVEL = 0;
				GCC_PREPROCESSOR_DEFINITIONS = (
					"DEBUG=1",
					"$(inherited)",
				);
				GCC_WARN_64_TO_32_BIT_CONVERSION = YES;
				GCC_WARN_ABOUT_RETURN_TYPE = YES_ERROR;
				GCC_WARN_UNDECLARED_SELECTOR = YES;
				GCC_WARN_UNINITIALIZED_AUTOS = YES_AGGRESSIVE;
				GCC_WARN_UNUSED_FUNCTION = YES;
				GCC_WARN_UNUSED_VARIABLE = YES;
				IPHONEOS_DEPLOYMENT_TARGET = 16.4;
				MTL_ENABLE_DEBUG_INFO = INCLUDE_SOURCE;
				MTL_FAST_MATH = YES;
				ONLY_ACTIVE_ARCH = YES;
				SDKROOT = iphoneos;
				SWIFT_ACTIVE_COMPILATION_CONDITIONS = DEBUG;
				SWIFT_OPTIMIZATION_LEVEL = "-Onone";
			};
			name = Debug;
		};
		E2BC7E1F2A9A075B00D54B82 /* Release */ = {
			isa = XCBuildConfiguration;
			buildSettings = {
				ALWAYS_SEARCH_USER_PATHS = NO;
				CLANG_ANALYZER_NONNULL = YES;
				CLANG_ANALYZER_NUMBER_OBJECT_CONVERSION = YES_AGGRESSIVE;
				CLANG_CXX_LANGUAGE_STANDARD = "gnu++20";
				CLANG_ENABLE_MODULES = YES;
				CLANG_ENABLE_OBJC_ARC = YES;
				CLANG_ENABLE_OBJC_WEAK = YES;
				CLANG_WARN_BLOCK_CAPTURE_AUTORELEASING = YES;
				CLANG_WARN_BOOL_CONVERSION = YES;
				CLANG_WARN_COMMA = YES;
				CLANG_WARN_CONSTANT_CONVERSION = YES;
				CLANG_WARN_DEPRECATED_OBJC_IMPLEMENTATIONS = YES;
				CLANG_WARN_DIRECT_OBJC_ISA_USAGE = YES_ERROR;
				CLANG_WARN_DOCUMENTATION_COMMENTS = YES;
				CLANG_WARN_EMPTY_BODY = YES;
				CLANG_WARN_ENUM_CONVERSION = YES;
				CLANG_WARN_INFINITE_RECURSION = YES;
				CLANG_WARN_INT_CONVERSION = YES;
				CLANG_WARN_NON_LITERAL_NULL_CONVERSION = YES;
				CLANG_WARN_OBJC_IMPLICIT_RETAIN_SELF = YES;
				CLANG_WARN_OBJC_LITERAL_CONVERSION = YES;
				CLANG_WARN_OBJC_ROOT_CLASS = YES_ERROR;
				CLANG_WARN_QUOTED_INCLUDE_IN_FRAMEWORK_HEADER = YES;
				CLANG_WARN_RANGE_LOOP_ANALYSIS = YES;
				CLANG_WARN_STRICT_PROTOTYPES = YES;
				CLANG_WARN_SUSPICIOUS_MOVE = YES;
				CLANG_WARN_UNGUARDED_AVAILABILITY = YES_AGGRESSIVE;
				CLANG_WARN_UNREACHABLE_CODE = YES;
				CLANG_WARN__DUPLICATE_METHOD_MATCH = YES;
				COPY_PHASE_STRIP = NO;
				DEBUG_INFORMATION_FORMAT = "dwarf-with-dsym";
				ENABLE_NS_ASSERTIONS = NO;
				ENABLE_STRICT_OBJC_MSGSEND = YES;
				GCC_C_LANGUAGE_STANDARD = gnu11;
				GCC_NO_COMMON_BLOCKS = YES;
				GCC_WARN_64_TO_32_BIT_CONVERSION = YES;
				GCC_WARN_ABOUT_RETURN_TYPE = YES_ERROR;
				GCC_WARN_UNDECLARED_SELECTOR = YES;
				GCC_WARN_UNINITIALIZED_AUTOS = YES_AGGRESSIVE;
				GCC_WARN_UNUSED_FUNCTION = YES;
				GCC_WARN_UNUSED_VARIABLE = YES;
				IPHONEOS_DEPLOYMENT_TARGET = 16.4;
				MTL_ENABLE_DEBUG_INFO = NO;
				MTL_FAST_MATH = YES;
				SDKROOT = iphoneos;
				SWIFT_COMPILATION_MODE = wholemodule;
				SWIFT_OPTIMIZATION_LEVEL = "-O";
				VALIDATE_PRODUCT = YES;
			};
			name = Release;
		};
		E2BC7E212A9A075B00D54B82 /* Debug */ = {
			isa = XCBuildConfiguration;
			buildSettings = {
				ASSETCATALOG_COMPILER_APPICON_NAME = AppIcon;
				ASSETCATALOG_COMPILER_GLOBAL_ACCENT_COLOR_NAME = AccentColor;
				CODE_SIGN_STYLE = Automatic;
				CURRENT_PROJECT_VERSION = 1;
				DEVELOPMENT_TEAM = 53AWLX6CVV;
				GENERATE_INFOPLIST_FILE = YES;
				INFOPLIST_FILE = Packing/Resource/Info.plist;
				INFOPLIST_KEY_UIApplicationSupportsIndirectInputEvents = YES;
				INFOPLIST_KEY_UILaunchStoryboardName = LaunchScreen;
				INFOPLIST_KEY_UIMainStoryboardFile = "";
				INFOPLIST_KEY_UISupportedInterfaceOrientations_iPad = "UIInterfaceOrientationPortrait UIInterfaceOrientationPortraitUpsideDown UIInterfaceOrientationLandscapeLeft UIInterfaceOrientationLandscapeRight";
				INFOPLIST_KEY_UISupportedInterfaceOrientations_iPhone = "UIInterfaceOrientationPortrait UIInterfaceOrientationLandscapeLeft UIInterfaceOrientationLandscapeRight";
				LD_RUNPATH_SEARCH_PATHS = (
					"$(inherited)",
					"@executable_path/Frameworks",
				);
				MARKETING_VERSION = 1.0;
				PRODUCT_BUNDLE_IDENTIFIER = net.eunseo.Packing;
				PRODUCT_NAME = "$(TARGET_NAME)";
				SWIFT_EMIT_LOC_STRINGS = YES;
				SWIFT_VERSION = 5.0;
				TARGETED_DEVICE_FAMILY = "1,2";
			};
			name = Debug;
		};
		E2BC7E222A9A075B00D54B82 /* Release */ = {
			isa = XCBuildConfiguration;
			buildSettings = {
				ASSETCATALOG_COMPILER_APPICON_NAME = AppIcon;
				ASSETCATALOG_COMPILER_GLOBAL_ACCENT_COLOR_NAME = AccentColor;
				CODE_SIGN_STYLE = Automatic;
				CURRENT_PROJECT_VERSION = 1;
				DEVELOPMENT_TEAM = 53AWLX6CVV;
				GENERATE_INFOPLIST_FILE = YES;
				INFOPLIST_FILE = Packing/Resource/Info.plist;
				INFOPLIST_KEY_UIApplicationSupportsIndirectInputEvents = YES;
				INFOPLIST_KEY_UILaunchStoryboardName = LaunchScreen;
				INFOPLIST_KEY_UIMainStoryboardFile = "";
				INFOPLIST_KEY_UISupportedInterfaceOrientations_iPad = "UIInterfaceOrientationPortrait UIInterfaceOrientationPortraitUpsideDown UIInterfaceOrientationLandscapeLeft UIInterfaceOrientationLandscapeRight";
				INFOPLIST_KEY_UISupportedInterfaceOrientations_iPhone = "UIInterfaceOrientationPortrait UIInterfaceOrientationLandscapeLeft UIInterfaceOrientationLandscapeRight";
				LD_RUNPATH_SEARCH_PATHS = (
					"$(inherited)",
					"@executable_path/Frameworks",
				);
				MARKETING_VERSION = 1.0;
				PRODUCT_BUNDLE_IDENTIFIER = net.eunseo.Packing;
				PRODUCT_NAME = "$(TARGET_NAME)";
				SWIFT_EMIT_LOC_STRINGS = YES;
				SWIFT_VERSION = 5.0;
				TARGETED_DEVICE_FAMILY = "1,2";
			};
			name = Release;
		};
/* End XCBuildConfiguration section */

/* Begin XCConfigurationList section */
		E2BC7E042A9A075A00D54B82 /* Build configuration list for PBXProject "Packing" */ = {
			isa = XCConfigurationList;
			buildConfigurations = (
				E2BC7E1E2A9A075B00D54B82 /* Debug */,
				E2BC7E1F2A9A075B00D54B82 /* Release */,
			);
			defaultConfigurationIsVisible = 0;
			defaultConfigurationName = Release;
		};
		E2BC7E202A9A075B00D54B82 /* Build configuration list for PBXNativeTarget "Packing" */ = {
			isa = XCConfigurationList;
			buildConfigurations = (
				E2BC7E212A9A075B00D54B82 /* Debug */,
				E2BC7E222A9A075B00D54B82 /* Release */,
			);
			defaultConfigurationIsVisible = 0;
			defaultConfigurationName = Release;
		};
/* End XCConfigurationList section */

/* Begin XCVersionGroup section */
		E2BC7E152A9A075A00D54B82 /* Packing.xcdatamodeld */ = {
			isa = XCVersionGroup;
			children = (
				E2BC7E162A9A075A00D54B82 /* Packing.xcdatamodel */,
			);
			currentVersion = E2BC7E162A9A075A00D54B82 /* Packing.xcdatamodel */;
			path = Packing.xcdatamodeld;
			sourceTree = "<group>";
			versionGroupType = wrapper.xcdatamodel;
		};
/* End XCVersionGroup section */
	};
	rootObject = E2BC7E012A9A075900D54B82 /* Project object */;
}
